
Microsoft Visual Studio Solution File, Format Version 12.00
# Visual Studio 15
VisualStudioVersion = 15.0.28307.572
MinimumVisualStudioVersion = 10.0.40219.1
Project("{9A19103F-16F7-4668-BE54-9A1E7A4F7556}") = "Ecommerce", "Ecomemerce\Ecommerce.csproj", "{87933088-EBBD-4B44-B886-8B3D573B5032}"
EndProject
Global
	GlobalSection(SolutionConfigurationPlatforms) = preSolution
		Debug|Any CPU = Debug|Any CPU
		Release|Any CPU = Release|Any CPU
	EndGlobalSection
	GlobalSection(ProjectConfigurationPlatforms) = postSolution
		{87933088-EBBD-4B44-B886-8B3D573B5032}.Debug|Any CPU.ActiveCfg = Debug|Any CPU
		{87933088-EBBD-4B44-B886-8B3D573B5032}.Debug|Any CPU.Build.0 = Debug|Any CPU
		{87933088-EBBD-4B44-B886-8B3D573B5032}.Release|Any CPU.ActiveCfg = Release|Any CPU
		{87933088-EBBD-4B44-B886-8B3D573B5032}.Release|Any CPU.Build.0 = Release|Any CPU
	EndGlobalSection
	GlobalSection(SolutionProperties) = preSolution
		HideSolutionNode = FALSE
	EndGlobalSection
	GlobalSection(ExtensibilityGlobals) = postSolution
		SolutionGuid = {D9E5BD26-77DF-44D0-9BA7-5872D6DD2417}
	EndGlobalSection
EndGlobal
